
Microsoft Visual Studio Solution File, Format Version 12.00
# Visual Studio 2013
VisualStudioVersion = 12.0.40629.0
MinimumVisualStudioVersion = 10.0.40219.1
Project("{FAE04EC0-301F-11D3-BF4B-00C04F79EFBC}") = "BookService", "BookService\BookService.csproj", "{DA5CC3C4-F004-4A01-B986-2B222EF86685}"
EndProject
Global
	GlobalSection(SolutionConfigurationPlatforms) = preSolution
		Debug|Any CPU = Debug|Any CPU
		Release|Any CPU = Release|Any CPU
	EndGlobalSection
	GlobalSection(ProjectConfigurationPlatforms) = postSolution
		{DA5CC3C4-F004-4A01-B986-2B222EF86685}.Debug|Any CPU.ActiveCfg = Debug|Any CPU
		{DA5CC3C4-F004-4A01-B986-2B222EF86685}.Debug|Any CPU.Build.0 = Debug|Any CPU
		{DA5CC3C4-F004-4A01-B986-2B222EF86685}.Release|Any CPU.ActiveCfg = Release|Any CPU
		{DA5CC3C4-F004-4A01-B986-2B222EF86685}.Release|Any CPU.Build.0 = Release|Any CPU
	EndGlobalSection
	GlobalSection(SolutionProperties) = preSolution
		HideSolutionNode = FALSE
	EndGlobalSection
EndGlobal
